
Microsoft Visual Studio Solution File, Format Version 12.00
# Visual Studio Version 16
VisualStudioVersion = 16.0.809.8
MinimumVisualStudioVersion = 10.0.40219.1
Project("{FAE04EC0-301F-11D3-BF4B-00C04F79EFBC}") = "PabloFrersEjercicio03", "PabloFrersEjercicio03.csproj", "{6B57E93F-CD54-4857-8E97-451F9426FDCF}"
EndProject
Global
	GlobalSection(SolutionConfigurationPlatforms) = preSolution
		Debug|anycpu = Debug|anycpu
		Release|anycpu = Release|anycpu
	EndGlobalSection
	GlobalSection(ProjectConfigurationPlatforms) = postSolution
		{6B57E93F-CD54-4857-8E97-451F9426FDCF}.Debug|anycpu.ActiveCfg = Debug|anycpu
		{6B57E93F-CD54-4857-8E97-451F9426FDCF}.Debug|anycpu.Build.0 = Debug|anycpu
		{6B57E93F-CD54-4857-8E97-451F9426FDCF}.Release|anycpu.ActiveCfg = Release|anycpu
		{6B57E93F-CD54-4857-8E97-451F9426FDCF}.Release|anycpu.Build.0 = Release|anycpu
	EndGlobalSection
	GlobalSection(SolutionProperties) = preSolution
		HideSolutionNode = FALSE
	EndGlobalSection
	GlobalSection(ExtensibilityGlobals) = postSolution
		SolutionGuid = {9B78575D-3E86-480C-BF8B-FD909ECE19FD}
	EndGlobalSection
EndGlobal
